// !$*UTF8*$!
{
	archiveVersion = 1;
	classes = {
	};
	objectVersion = 46;
	objects = {

/* Begin PBXBuildFile section */
		895775271B91F216009297B4 /* WYNavigationBar.m in Sources */ = {isa = PBXBuildFile; fileRef = 895775261B91F216009297B4 /* WYNavigationBar.m */; };
		8957752A1B921431009297B4 /* WYReadingViewController.m in Sources */ = {isa = PBXBuildFile; fileRef = 895775291B921431009297B4 /* WYReadingViewController.m */; };
		89AEF9061B91E1F200796265 /* UIImage+Extension.m in Sources */ = {isa = PBXBuildFile; fileRef = 89AEF9051B91E1F200796265 /* UIImage+Extension.m */; };
		89AEF9091B91E65300796265 /* WYLeftMenuButton.m in Sources */ = {isa = PBXBuildFile; fileRef = 89AEF9081B91E65300796265 /* WYLeftMenuButton.m */; };
		89AEF90C1B91E9AA00796265 /* WYTitleView.m in Sources */ = {isa = PBXBuildFile; fileRef = 89AEF90B1B91E9AA00796265 /* WYTitleView.m */; };
		BA1F3BCA1B9004B300B6FDA0 /* WYNavigationController.m in Sources */ = {isa = PBXBuildFile; fileRef = BA1F3BC91B9004B300B6FDA0 /* WYNavigationController.m */; };
		BA1F3BCD1B9004E100B6FDA0 /* WYNewsViewController.m in Sources */ = {isa = PBXBuildFile; fileRef = BA1F3BCC1B9004E100B6FDA0 /* WYNewsViewController.m */; };
		BA1F3BD01B9006A500B6FDA0 /* UIBarButtonItem+Extension.m in Sources */ = {isa = PBXBuildFile; fileRef = BA1F3BCF1B9006A500B6FDA0 /* UIBarButtonItem+Extension.m */; };
		BAEDEF951B8EE942009CEBA8 /* Main.storyboard in Resources */ = {isa = PBXBuildFile; fileRef = BAEDEF931B8EE942009CEBA8 /* Main.storyboard */; };
		BAEDEF971B8EE942009CEBA8 /* Images.xcassets in Resources */ = {isa = PBXBuildFile; fileRef = BAEDEF961B8EE942009CEBA8 /* Images.xcassets */; };
		BAEDEFA61B8EE942009CEBA8 /* WYNewsTests.m in Sources */ = {isa = PBXBuildFile; fileRef = BAEDEFA51B8EE942009CEBA8 /* WYNewsTests.m */; };
		BAEDEFB71B8EEC65009CEBA8 /* AppDelegate.m in Sources */ = {isa = PBXBuildFile; fileRef = BAEDEFB41B8EEC65009CEBA8 /* AppDelegate.m */; };
		BAEDEFB81B8EEC65009CEBA8 /* main.m in Sources */ = {isa = PBXBuildFile; fileRef = BAEDEFB51B8EEC65009CEBA8 /* main.m */; };
		BAEDEFBB1B8EECC2009CEBA8 /* WYMainViewController.m in Sources */ = {isa = PBXBuildFile; fileRef = BAEDEFBA1B8EECC2009CEBA8 /* WYMainViewController.m */; };
		BAEDEFBD1B8EF94A009CEBA8 /* sidebar_bg@2x.jpg in Resources */ = {isa = PBXBuildFile; fileRef = BAEDEFBC1B8EF94A009CEBA8 /* sidebar_bg@2x.jpg */; };
		BAEDEFC01B8EFC78009CEBA8 /* WYLeftMenu.m in Sources */ = {isa = PBXBuildFile; fileRef = BAEDEFBF1B8EFC78009CEBA8 /* WYLeftMenu.m */; };
		BAEDEFC41B8F00A5009CEBA8 /* UIView+Extension.m in Sources */ = {isa = PBXBuildFile; fileRef = BAEDEFC31B8F00A5009CEBA8 /* UIView+Extension.m */; };
/* End PBXBuildFile section */

/* Begin PBXContainerItemProxy section */
		BAEDEFA01B8EE942009CEBA8 /* PBXContainerItemProxy */ = {
			isa = PBXContainerItemProxy;
			containerPortal = BAEDEF7E1B8EE942009CEBA8 /* Project object */;
			proxyType = 1;
			remoteGlobalIDString = BAEDEF851B8EE942009CEBA8;
			remoteInfo = WYNews;
		};
/* End PBXContainerItemProxy section */

/* Begin PBXFileReference section */
		895775251B91F216009297B4 /* WYNavigationBar.h */ = {isa = PBXFileReference; fileEncoding = 4; lastKnownFileType = sourcecode.c.h; path = WYNavigationBar.h; sourceTree = "<group>"; };
		895775261B91F216009297B4 /* WYNavigationBar.m */ = {isa = PBXFileReference; fileEncoding = 4; lastKnownFileType = sourcecode.c.objc; path = WYNavigationBar.m; sourceTree = "<group>"; };
		895775281B921431009297B4 /* WYReadingViewController.h */ = {isa = PBXFileReference; fileEncoding = 4; lastKnownFileType = sourcecode.c.h; path = WYReadingViewController.h; sourceTree = "<group>"; };
		895775291B921431009297B4 /* WYReadingViewController.m */ = {isa = PBXFileReference; fileEncoding = 4; lastKnownFileType = sourcecode.c.objc; path = WYReadingViewController.m; sourceTree = "<group>"; };
		89AEF9041B91E1F200796265 /* UIImage+Extension.h */ = {isa = PBXFileReference; fileEncoding = 4; lastKnownFileType = sourcecode.c.h; path = "UIImage+Extension.h"; sourceTree = "<group>"; };
		89AEF9051B91E1F200796265 /* UIImage+Extension.m */ = {isa = PBXFileReference; fileEncoding = 4; lastKnownFileType = sourcecode.c.objc; path = "UIImage+Extension.m"; sourceTree = "<group>"; };
		89AEF9071B91E65300796265 /* WYLeftMenuButton.h */ = {isa = PBXFileReference; fileEncoding = 4; lastKnownFileType = sourcecode.c.h; path = WYLeftMenuButton.h; sourceTree = "<group>"; };
		89AEF9081B91E65300796265 /* WYLeftMenuButton.m */ = {isa = PBXFileReference; fileEncoding = 4; lastKnownFileType = sourcecode.c.objc; path = WYLeftMenuButton.m; sourceTree = "<group>"; };
		89AEF90A1B91E9AA00796265 /* WYTitleView.h */ = {isa = PBXFileReference; fileEncoding = 4; lastKnownFileType = sourcecode.c.h; path = WYTitleView.h; sourceTree = "<group>"; };
		89AEF90B1B91E9AA00796265 /* WYTitleView.m */ = {isa = PBXFileReference; fileEncoding = 4; lastKnownFileType = sourcecode.c.objc; path = WYTitleView.m; sourceTree = "<group>"; };
		BA1F3BC81B9004B300B6FDA0 /* WYNavigationController.h */ = {isa = PBXFileReference; fileEncoding = 4; lastKnownFileType = sourcecode.c.h; path = WYNavigationController.h; sourceTree = "<group>"; };
		BA1F3BC91B9004B300B6FDA0 /* WYNavigationController.m */ = {isa = PBXFileReference; fileEncoding = 4; lastKnownFileType = sourcecode.c.objc; path = WYNavigationController.m; sourceTree = "<group>"; };
		BA1F3BCB1B9004E100B6FDA0 /* WYNewsViewController.h */ = {isa = PBXFileReference; fileEncoding = 4; lastKnownFileType = sourcecode.c.h; path = WYNewsViewController.h; sourceTree = "<group>"; };
		BA1F3BCC1B9004E100B6FDA0 /* WYNewsViewController.m */ = {isa = PBXFileReference; fileEncoding = 4; lastKnownFileType = sourcecode.c.objc; path = WYNewsViewController.m; sourceTree = "<group>"; };
		BA1F3BCE1B9006A500B6FDA0 /* UIBarButtonItem+Extension.h */ = {isa = PBXFileReference; fileEncoding = 4; lastKnownFileType = sourcecode.c.h; path = "UIBarButtonItem+Extension.h"; sourceTree = "<group>"; };
		BA1F3BCF1B9006A500B6FDA0 /* UIBarButtonItem+Extension.m */ = {isa = PBXFileReference; fileEncoding = 4; lastKnownFileType = sourcecode.c.objc; path = "UIBarButtonItem+Extension.m"; sourceTree = "<group>"; };
		BAEDEF861B8EE942009CEBA8 /* WYNews.app */ = {isa = PBXFileReference; explicitFileType = wrapper.application; includeInIndex = 0; path = WYNews.app; sourceTree = BUILT_PRODUCTS_DIR; };
		BAEDEF8A1B8EE942009CEBA8 /* Info.plist */ = {isa = PBXFileReference; lastKnownFileType = text.plist.xml; path = Info.plist; sourceTree = "<group>"; };
		BAEDEF941B8EE942009CEBA8 /* Base */ = {isa = PBXFileReference; lastKnownFileType = file.storyboard; name = Base; path = Base.lproj/Main.storyboard; sourceTree = "<group>"; };
		BAEDEF961B8EE942009CEBA8 /* Images.xcassets */ = {isa = PBXFileReference; lastKnownFileType = folder.assetcatalog; path = Images.xcassets; sourceTree = "<group>"; };
		BAEDEF9F1B8EE942009CEBA8 /* WYNewsTests.xctest */ = {isa = PBXFileReference; explicitFileType = wrapper.cfbundle; includeInIndex = 0; path = WYNewsTests.xctest; sourceTree = BUILT_PRODUCTS_DIR; };
		BAEDEFA41B8EE942009CEBA8 /* Info.plist */ = {isa = PBXFileReference; lastKnownFileType = text.plist.xml; path = Info.plist; sourceTree = "<group>"; };
		BAEDEFA51B8EE942009CEBA8 /* WYNewsTests.m */ = {isa = PBXFileReference; lastKnownFileType = sourcecode.c.objc; path = WYNewsTests.m; sourceTree = "<group>"; };
		BAEDEFB31B8EEC65009CEBA8 /* AppDelegate.h */ = {isa = PBXFileReference; fileEncoding = 4; lastKnownFileType = sourcecode.c.h; path = AppDelegate.h; sourceTree = "<group>"; };
		BAEDEFB41B8EEC65009CEBA8 /* AppDelegate.m */ = {isa = PBXFileReference; fileEncoding = 4; lastKnownFileType = sourcecode.c.objc; path = AppDelegate.m; sourceTree = "<group>"; };
		BAEDEFB51B8EEC65009CEBA8 /* main.m */ = {isa = PBXFileReference; fileEncoding = 4; lastKnownFileType = sourcecode.c.objc; path = main.m; sourceTree = "<group>"; };
		BAEDEFB91B8EECC2009CEBA8 /* WYMainViewController.h */ = {isa = PBXFileReference; fileEncoding = 4; lastKnownFileType = sourcecode.c.h; path = WYMainViewController.h; sourceTree = "<group>"; };
		BAEDEFBA1B8EECC2009CEBA8 /* WYMainViewController.m */ = {isa = PBXFileReference; fileEncoding = 4; lastKnownFileType = sourcecode.c.objc; path = WYMainViewController.m; sourceTree = "<group>"; };
		BAEDEFBC1B8EF94A009CEBA8 /* sidebar_bg@2x.jpg */ = {isa = PBXFileReference; lastKnownFileType = image.jpeg; path = "sidebar_bg@2x.jpg"; sourceTree = "<group>"; };
		BAEDEFBE1B8EFC78009CEBA8 /* WYLeftMenu.h */ = {isa = PBXFileReference; fileEncoding = 4; lastKnownFileType = sourcecode.c.h; path = WYLeftMenu.h; sourceTree = "<group>"; };
		BAEDEFBF1B8EFC78009CEBA8 /* WYLeftMenu.m */ = {isa = PBXFileReference; fileEncoding = 4; lastKnownFileType = sourcecode.c.objc; path = WYLeftMenu.m; sourceTree = "<group>"; };
		BAEDEFC21B8F00A5009CEBA8 /* UIView+Extension.h */ = {isa = PBXFileReference; fileEncoding = 4; lastKnownFileType = sourcecode.c.h; path = "UIView+Extension.h"; sourceTree = "<group>"; };
		BAEDEFC31B8F00A5009CEBA8 /* UIView+Extension.m */ = {isa = PBXFileReference; fileEncoding = 4; lastKnownFileType = sourcecode.c.objc; path = "UIView+Extension.m"; sourceTree = "<group>"; };
		BAEDEFC51B8F00D7009CEBA8 /* WYNews-Prefix.pch */ = {isa = PBXFileReference; lastKnownFileType = sourcecode.c.h; path = "WYNews-Prefix.pch"; sourceTree = "<group>"; };
/* End PBXFileReference section */

/* Begin PBXFrameworksBuildPhase section */
		BAEDEF831B8EE942009CEBA8 /* Frameworks */ = {
			isa = PBXFrameworksBuildPhase;
			buildActionMask = 2147483647;
			files = (
			);
			runOnlyForDeploymentPostprocessing = 0;
		};
		BAEDEF9C1B8EE942009CEBA8 /* Frameworks */ = {
			isa = PBXFrameworksBuildPhase;
			buildActionMask = 2147483647;
			files = (
			);
			runOnlyForDeploymentPostprocessing = 0;
		};
/* End PBXFrameworksBuildPhase section */

/* Begin PBXGroup section */
		BAEDEF7D1B8EE942009CEBA8 = {
			isa = PBXGroup;
			children = (
				BAEDEF881B8EE942009CEBA8 /* WYNews */,
				BAEDEFA21B8EE942009CEBA8 /* WYNewsTests */,
				BAEDEF871B8EE942009CEBA8 /* Products */,
			);
			sourceTree = "<group>";
		};
		BAEDEF871B8EE942009CEBA8 /* Products */ = {
			isa = PBXGroup;
			children = (
				BAEDEF861B8EE942009CEBA8 /* WYNews.app */,
				BAEDEF9F1B8EE942009CEBA8 /* WYNewsTests.xctest */,
			);
			name = Products;
			sourceTree = "<group>";
		};
		BAEDEF881B8EE942009CEBA8 /* WYNews */ = {
			isa = PBXGroup;
			children = (
				BAEDEFAF1B8EEC65009CEBA8 /* Classes */,
				BAEDEF891B8EE942009CEBA8 /* Supporting Files */,
			);
			path = WYNews;
			sourceTree = "<group>";
		};
		BAEDEF891B8EE942009CEBA8 /* Supporting Files */ = {
			isa = PBXGroup;
			children = (
				BAEDEFBC1B8EF94A009CEBA8 /* sidebar_bg@2x.jpg */,
				BAEDEF931B8EE942009CEBA8 /* Main.storyboard */,
				BAEDEF961B8EE942009CEBA8 /* Images.xcassets */,
				BAEDEF8A1B8EE942009CEBA8 /* Info.plist */,
				BAEDEFC51B8F00D7009CEBA8 /* WYNews-Prefix.pch */,
			);
			name = "Supporting Files";
			sourceTree = "<group>";
		};
		BAEDEFA21B8EE942009CEBA8 /* WYNewsTests */ = {
			isa = PBXGroup;
			children = (
				BAEDEFA51B8EE942009CEBA8 /* WYNewsTests.m */,
				BAEDEFA31B8EE942009CEBA8 /* Supporting Files */,
			);
			path = WYNewsTests;
			sourceTree = "<group>";
		};
		BAEDEFA31B8EE942009CEBA8 /* Supporting Files */ = {
			isa = PBXGroup;
			children = (
				BAEDEFA41B8EE942009CEBA8 /* Info.plist */,
			);
			name = "Supporting Files";
			sourceTree = "<group>";
		};
		BAEDEFAF1B8EEC65009CEBA8 /* Classes */ = {
			isa = PBXGroup;
			children = (
				BAEDEFB21B8EEC65009CEBA8 /* Others */,
				BAEDEFC11B8F0095009CEBA8 /* Category */,
				BAEDEFB11B8EEC65009CEBA8 /* Model */,
				BAEDEFB61B8EEC65009CEBA8 /* View */,
				BAEDEFB01B8EEC65009CEBA8 /* Controller */,
			);
			path = Classes;
			sourceTree = "<group>";
		};
		BAEDEFB01B8EEC65009CEBA8 /* Controller */ = {
			isa = PBXGroup;
			children = (
				BAEDEFB91B8EECC2009CEBA8 /* WYMainViewController.h */,
				BAEDEFBA1B8EECC2009CEBA8 /* WYMainViewController.m */,
				BA1F3BC81B9004B300B6FDA0 /* WYNavigationController.h */,
				BA1F3BC91B9004B300B6FDA0 /* WYNavigationController.m */,
				BA1F3BCB1B9004E100B6FDA0 /* WYNewsViewController.h */,
				BA1F3BCC1B9004E100B6FDA0 /* WYNewsViewController.m */,
				895775281B921431009297B4 /* WYReadingViewController.h */,
				895775291B921431009297B4 /* WYReadingViewController.m */,
			);
			path = Controller;
			sourceTree = "<group>";
		};
		BAEDEFB11B8EEC65009CEBA8 /* Model */ = {
			isa = PBXGroup;
			children = (
			);
			path = Model;
			sourceTree = "<group>";
		};
		BAEDEFB21B8EEC65009CEBA8 /* Others */ = {
			isa = PBXGroup;
			children = (
				BAEDEFB31B8EEC65009CEBA8 /* AppDelegate.h */,
				BAEDEFB41B8EEC65009CEBA8 /* AppDelegate.m */,
				BAEDEFB51B8EEC65009CEBA8 /* main.m */,
			);
			path = Others;
			sourceTree = "<group>";
		};
		BAEDEFB61B8EEC65009CEBA8 /* View */ = {
			isa = PBXGroup;
			children = (
				BAEDEFBE1B8EFC78009CEBA8 /* WYLeftMenu.h */,
				BAEDEFBF1B8EFC78009CEBA8 /* WYLeftMenu.m */,
				89AEF9071B91E65300796265 /* WYLeftMenuButton.h */,
				89AEF9081B91E65300796265 /* WYLeftMenuButton.m */,
				89AEF90A1B91E9AA00796265 /* WYTitleView.h */,
				89AEF90B1B91E9AA00796265 /* WYTitleView.m */,
				895775251B91F216009297B4 /* WYNavigationBar.h */,
				895775261B91F216009297B4 /* WYNavigationBar.m */,
			);
			path = View;
			sourceTree = "<group>";
		};
		BAEDEFC11B8F0095009CEBA8 /* Category */ = {
			isa = PBXGroup;
			children = (
				BA1F3BCE1B9006A500B6FDA0 /* UIBarButtonItem+Extension.h */,
				BA1F3BCF1B9006A500B6FDA0 /* UIBarButtonItem+Extension.m */,
				BAEDEFC21B8F00A5009CEBA8 /* UIView+Extension.h */,
				BAEDEFC31B8F00A5009CEBA8 /* UIView+Extension.m */,
				89AEF9041B91E1F200796265 /* UIImage+Extension.h */,
				89AEF9051B91E1F200796265 /* UIImage+Extension.m */,
			);
			path = Category;
			sourceTree = "<group>";
		};
/* End PBXGroup section */

/* Begin PBXNativeTarget section */
		BAEDEF851B8EE942009CEBA8 /* WYNews */ = {
			isa = PBXNativeTarget;
			buildConfigurationList = BAEDEFA91B8EE942009CEBA8 /* Build configuration list for PBXNativeTarget "WYNews" */;
			buildPhases = (
				BAEDEF821B8EE942009CEBA8 /* Sources */,
				BAEDEF831B8EE942009CEBA8 /* Frameworks */,
				BAEDEF841B8EE942009CEBA8 /* Resources */,
			);
			buildRules = (
			);
			dependencies = (
			);
			name = WYNews;
			productName = WYNews;
			productReference = BAEDEF861B8EE942009CEBA8 /* WYNews.app */;
			productType = "com.apple.product-type.application";
		};
		BAEDEF9E1B8EE942009CEBA8 /* WYNewsTests */ = {
			isa = PBXNativeTarget;
			buildConfigurationList = BAEDEFAC1B8EE942009CEBA8 /* Build configuration list for PBXNativeTarget "WYNewsTests" */;
			buildPhases = (
				BAEDEF9B1B8EE942009CEBA8 /* Sources */,
				BAEDEF9C1B8EE942009CEBA8 /* Frameworks */,
				BAEDEF9D1B8EE942009CEBA8 /* Resources */,
			);
			buildRules = (
			);
			dependencies = (
				BAEDEFA11B8EE942009CEBA8 /* PBXTargetDependency */,
			);
			name = WYNewsTests;
			productName = WYNewsTests;
			productReference = BAEDEF9F1B8EE942009CEBA8 /* WYNewsTests.xctest */;
			productType = "com.apple.product-type.bundle.unit-test";
		};
/* End PBXNativeTarget section */

/* Begin PBXProject section */
		BAEDEF7E1B8EE942009CEBA8 /* Project object */ = {
			isa = PBXProject;
			attributes = {
				CLASSPREFIX = WY;
				LastUpgradeCheck = 0640;
				ORGANIZATIONNAME = yanyin;
				TargetAttributes = {
					BAEDEF851B8EE942009CEBA8 = {
						CreatedOnToolsVersion = 6.4;
					};
					BAEDEF9E1B8EE942009CEBA8 = {
						CreatedOnToolsVersion = 6.4;
						TestTargetID = BAEDEF851B8EE942009CEBA8;
					};
				};
			};
			buildConfigurationList = BAEDEF811B8EE942009CEBA8 /* Build configuration list for PBXProject "WYNews" */;
			compatibilityVersion = "Xcode 3.2";
			developmentRegion = English;
			hasScannedForEncodings = 0;
			knownRegions = (
				en,
				Base,
			);
			mainGroup = BAEDEF7D1B8EE942009CEBA8;
			productRefGroup = BAEDEF871B8EE942009CEBA8 /* Products */;
			projectDirPath = "";
			projectRoot = "";
			targets = (
				BAEDEF851B8EE942009CEBA8 /* WYNews */,
				BAEDEF9E1B8EE942009CEBA8 /* WYNewsTests */,
			);
		};
/* End PBXProject section */

/* Begin PBXResourcesBuildPhase section */
		BAEDEF841B8EE942009CEBA8 /* Resources */ = {
			isa = PBXResourcesBuildPhase;
			buildActionMask = 2147483647;
			files = (
				BAEDEFBD1B8EF94A009CEBA8 /* sidebar_bg@2x.jpg in Resources */,
				BAEDEF951B8EE942009CEBA8 /* Main.storyboard in Resources */,
				BAEDEF971B8EE942009CEBA8 /* Images.xcassets in Resources */,
			);
			runOnlyForDeploymentPostprocessing = 0;
		};
		BAEDEF9D1B8EE942009CEBA8 /* Resources */ = {
			isa = PBXResourcesBuildPhase;
			buildActionMask = 2147483647;
			files = (
			);
			runOnlyForDeploymentPostprocessing = 0;
		};
/* End PBXResourcesBuildPhase section */

/* Begin PBXSourcesBuildPhase section */
		BAEDEF821B8EE942009CEBA8 /* Sources */ = {
			isa = PBXSourcesBuildPhase;
			buildActionMask = 2147483647;
			files = (
				BAEDEFC41B8F00A5009CEBA8 /* UIView+Extension.m in Sources */,
				895775271B91F216009297B4 /* WYNavigationBar.m in Sources */,
				BAEDEFBB1B8EECC2009CEBA8 /* WYMainViewController.m in Sources */,
				BAEDEFB81B8EEC65009CEBA8 /* main.m in Sources */,
				BA1F3BCD1B9004E100B6FDA0 /* WYNewsViewController.m in Sources */,
				89AEF90C1B91E9AA00796265 /* WYTitleView.m in Sources */,
				BA1F3BD01B9006A500B6FDA0 /* UIBarButtonItem+Extension.m in Sources */,
				89AEF9061B91E1F200796265 /* UIImage+Extension.m in Sources */,
				8957752A1B921431009297B4 /* WYReadingViewController.m in Sources */,
				BAEDEFB71B8EEC65009CEBA8 /* AppDelegate.m in Sources */,
				BAEDEFC01B8EFC78009CEBA8 /* WYLeftMenu.m in Sources */,
				89AEF9091B91E65300796265 /* WYLeftMenuButton.m in Sources */,
				BA1F3BCA1B9004B300B6FDA0 /* WYNavigationController.m in Sources */,
			);
			runOnlyForDeploymentPostprocessing = 0;
		};
		BAEDEF9B1B8EE942009CEBA8 /* Sources */ = {
			isa = PBXSourcesBuildPhase;
			buildActionMask = 2147483647;
			files = (
				BAEDEFA61B8EE942009CEBA8 /* WYNewsTests.m in Sources */,
			);
			runOnlyForDeploymentPostprocessing = 0;
		};
/* End PBXSourcesBuildPhase section */

/* Begin PBXTargetDependency section */
		BAEDEFA11B8EE942009CEBA8 /* PBXTargetDependency */ = {
			isa = PBXTargetDependency;
			target = BAEDEF851B8EE942009CEBA8 /* WYNews */;
			targetProxy = BAEDEFA01B8EE942009CEBA8 /* PBXContainerItemProxy */;
		};
/* End PBXTargetDependency section */

/* Begin PBXVariantGroup section */
		BAEDEF931B8EE942009CEBA8 /* Main.storyboard */ = {
			isa = PBXVariantGroup;
			children = (
				BAEDEF941B8EE942009CEBA8 /* Base */,
			);
			name = Main.storyboard;
			sourceTree = "<group>";
		};
/* End PBXVariantGroup section */

/* Begin XCBuildConfiguration section */
		BAEDEFA71B8EE942009CEBA8 /* Debug */ = {
			isa = XCBuildConfiguration;
			buildSettings = {
				ALWAYS_SEARCH_USER_PATHS = NO;
				CLANG_CXX_LANGUAGE_STANDARD = "gnu++0x";
				CLANG_CXX_LIBRARY = "libc++";
				CLANG_ENABLE_MODULES = YES;
				CLANG_ENABLE_OBJC_ARC = YES;
				CLANG_WARN_BOOL_CONVERSION = YES;
				CLANG_WARN_CONSTANT_CONVERSION = YES;
				CLANG_WARN_DIRECT_OBJC_ISA_USAGE = YES_ERROR;
				CLANG_WARN_EMPTY_BODY = YES;
				CLANG_WARN_ENUM_CONVERSION = YES;
				CLANG_WARN_INT_CONVERSION = YES;
				CLANG_WARN_OBJC_ROOT_CLASS = YES_ERROR;
				CLANG_WARN_UNREACHABLE_CODE = YES;
				CLANG_WARN__DUPLICATE_METHOD_MATCH = YES;
				"CODE_SIGN_IDENTITY[sdk=iphoneos*]" = "iPhone Developer";
				COPY_PHASE_STRIP = NO;
				DEBUG_INFORMATION_FORMAT = "dwarf-with-dsym";
				ENABLE_STRICT_OBJC_MSGSEND = YES;
				GCC_C_LANGUAGE_STANDARD = gnu99;
				GCC_DYNAMIC_NO_PIC = NO;
				GCC_NO_COMMON_BLOCKS = YES;
				GCC_OPTIMIZATION_LEVEL = 0;
				GCC_PREPROCESSOR_DEFINITIONS = (
					"DEBUG=1",
					"$(inherited)",
				);
				GCC_SYMBOLS_PRIVATE_EXTERN = NO;
				GCC_WARN_64_TO_32_BIT_CONVERSION = YES;
				GCC_WARN_ABOUT_RETURN_TYPE = YES_ERROR;
				GCC_WARN_UNDECLARED_SELECTOR = YES;
				GCC_WARN_UNINITIALIZED_AUTOS = YES_AGGRESSIVE;
				GCC_WARN_UNUSED_FUNCTION = YES;
				GCC_WARN_UNUSED_VARIABLE = YES;
				IPHONEOS_DEPLOYMENT_TARGET = 8.4;
				MTL_ENABLE_DEBUG_INFO = YES;
				ONLY_ACTIVE_ARCH = YES;
				SDKROOT = iphoneos;
			};
			name = Debug;
		};
		BAEDEFA81B8EE942009CEBA8 /* Release */ = {
			isa = XCBuildConfiguration;
			buildSettings = {
				ALWAYS_SEARCH_USER_PATHS = NO;
				CLANG_CXX_LANGUAGE_STANDARD = "gnu++0x";
				CLANG_CXX_LIBRARY = "libc++";
				CLANG_ENABLE_MODULES = YES;
				CLANG_ENABLE_OBJC_ARC = YES;
				CLANG_WARN_BOOL_CONVERSION = YES;
				CLANG_WARN_CONSTANT_CONVERSION = YES;
				CLANG_WARN_DIRECT_OBJC_ISA_USAGE = YES_ERROR;
				CLANG_WARN_EMPTY_BODY = YES;
				CLANG_WARN_ENUM_CONVERSION = YES;
				CLANG_WARN_INT_CONVERSION = YES;
				CLANG_WARN_OBJC_ROOT_CLASS = YES_ERROR;
				CLANG_WARN_UNREACHABLE_CODE = YES;
				CLANG_WARN__DUPLICATE_METHOD_MATCH = YES;
				"CODE_SIGN_IDENTITY[sdk=iphoneos*]" = "iPhone Developer";
				COPY_PHASE_STRIP = NO;
				DEBUG_INFORMATION_FORMAT = "dwarf-with-dsym";
				ENABLE_NS_ASSERTIONS = NO;
				ENABLE_STRICT_OBJC_MSGSEND = YES;
				GCC_C_LANGUAGE_STANDARD = gnu99;
				GCC_NO_COMMON_BLOCKS = YES;
				GCC_WARN_64_TO_32_BIT_CONVERSION = YES;
				GCC_WARN_ABOUT_RETURN_TYPE = YES_ERROR;
				GCC_WARN_UNDECLARED_SELECTOR = YES;
				GCC_WARN_UNINITIALIZED_AUTOS = YES_AGGRESSIVE;
				GCC_WARN_UNUSED_FUNCTION = YES;
				GCC_WARN_UNUSED_VARIABLE = YES;
				IPHONEOS_DEPLOYMENT_TARGET = 8.4;
				MTL_ENABLE_DEBUG_INFO = NO;
				SDKROOT = iphoneos;
				VALIDATE_PRODUCT = YES;
			};
			name = Release;
		};
		BAEDEFAA1B8EE942009CEBA8 /* Debug */ = {
			isa = XCBuildConfiguration;
			buildSettings = {
				ASSETCATALOG_COMPILER_APPICON_NAME = AppIcon;
				ASSETCATALOG_COMPILER_LAUNCHIMAGE_NAME = LaunchImage;
				GCC_PRECOMPILE_PREFIX_HEADER = YES;
				GCC_PREFIX_HEADER = "WYNews/WYNews-Prefix.pch";
				INFOPLIST_FILE = WYNews/Info.plist;
				LD_RUNPATH_SEARCH_PATHS = "$(inherited) @executable_path/Frameworks";
				PRODUCT_NAME = "$(TARGET_NAME)";
			};
			name = Debug;
		};
		BAEDEFAB1B8EE942009CEBA8 /* Release */ = {
			isa = XCBuildConfiguration;
			buildSettings = {
				ASSETCATALOG_COMPILER_APPICON_NAME = AppIcon;
				ASSETCATALOG_COMPILER_LAUNCHIMAGE_NAME = LaunchImage;
				GCC_PRECOMPILE_PREFIX_HEADER = YES;
				GCC_PREFIX_HEADER = "WYNews/WYNews-Prefix.pch";
				INFOPLIST_FILE = WYNews/Info.plist;
				LD_RUNPATH_SEARCH_PATHS = "$(inherited) @executable_path/Frameworks";
				PRODUCT_NAME = "$(TARGET_NAME)";
			};
			name = Release;
		};
		BAEDEFAD1B8EE942009CEBA8 /* Debug */ = {
			isa = XCBuildConfiguration;
			buildSettings = {
				BUNDLE_LOADER = "$(TEST_HOST)";
				FRAMEWORK_SEARCH_PATHS = (
					"$(SDKROOT)/Developer/Library/Frameworks",
					"$(inherited)",
				);
				GCC_PREPROCESSOR_DEFINITIONS = (
					"DEBUG=1",
					"$(inherited)",
				);
				INFOPLIST_FILE = WYNewsTests/Info.plist;
				LD_RUNPATH_SEARCH_PATHS = "$(inherited) @executable_path/Frameworks @loader_path/Frameworks";
				PRODUCT_NAME = "$(TARGET_NAME)";
				TEST_HOST = "$(BUILT_PRODUCTS_DIR)/WYNews.app/WYNews";
			};
			name = Debug;
		};
		BAEDEFAE1B8EE942009CEBA8 /* Release */ = {
			isa = XCBuildConfiguration;
			buildSettings = {
				BUNDLE_LOADER = "$(TEST_HOST)";
				FRAMEWORK_SEARCH_PATHS = (
					"$(SDKROOT)/Developer/Library/Frameworks",
					"$(inherited)",
				);
				INFOPLIST_FILE = WYNewsTests/Info.plist;
				LD_RUNPATH_SEARCH_PATHS = "$(inherited) @executable_path/Frameworks @loader_path/Frameworks";
				PRODUCT_NAME = "$(TARGET_NAME)";
				TEST_HOST = "$(BUILT_PRODUCTS_DIR)/WYNews.app/WYNews";
			};
			name = Release;
		};
/* End XCBuildConfiguration section */

/* Begin XCConfigurationList section */
		BAEDEF811B8EE942009CEBA8 /* Build configuration list for PBXProject "WYNews" */ = {
			isa = XCConfigurationList;
			buildConfigurations = (
				BAEDEFA71B8EE942009CEBA8 /* Debug */,
				BAEDEFA81B8EE942009CEBA8 /* Release */,
			);
			defaultConfigurationIsVisible = 0;
			defaultConfigurationName = Release;
		};
		BAEDEFA91B8EE942009CEBA8 /* Build configuration list for PBXNativeTarget "WYNews" */ = {
			isa = XCConfigurationList;
			buildConfigurations = (
				BAEDEFAA1B8EE942009CEBA8 /* Debug */,
				BAEDEFAB1B8EE942009CEBA8 /* Release */,
			);
			defaultConfigurationIsVisible = 0;
			defaultConfigurationName = Release;
		};
		BAEDEFAC1B8EE942009CEBA8 /* Build configuration list for PBXNativeTarget "WYNewsTests" */ = {
			isa = XCConfigurationList;
			buildConfigurations = (
				BAEDEFAD1B8EE942009CEBA8 /* Debug */,
				BAEDEFAE1B8EE942009CEBA8 /* Release */,
			);
			defaultConfigurationIsVisible = 0;
			defaultConfigurationName = Release;
		};
/* End XCConfigurationList section */
	};
	rootObject = BAEDEF7E1B8EE942009CEBA8 /* Project object */;
}
